// !$*UTF8*$!
{
	archiveVersion = 1;
	classes = {
	};
	objectVersion = 48;
	objects = {

/* Begin PBXBuildFile section */
		098D597D1FC2E71300E6DA3B /* AppDelegate.swift in Sources */ = {isa = PBXBuildFile; fileRef = 098D597C1FC2E71300E6DA3B /* AppDelegate.swift */; };
		098D597F1FC2E71300E6DA3B /* ViewController.swift in Sources */ = {isa = PBXBuildFile; fileRef = 098D597E1FC2E71300E6DA3B /* ViewController.swift */; };
		098D59821FC2E71300E6DA3B /* Main.storyboard in Resources */ = {isa = PBXBuildFile; fileRef = 098D59801FC2E71300E6DA3B /* Main.storyboard */; };
		098D59851FC2E71300E6DA3B /* algorithm_bst_swift.xcdatamodeld in Sources */ = {isa = PBXBuildFile; fileRef = 098D59831FC2E71300E6DA3B /* algorithm_bst_swift.xcdatamodeld */; };
		098D59871FC2E71300E6DA3B /* Assets.xcassets in Resources */ = {isa = PBXBuildFile; fileRef = 098D59861FC2E71300E6DA3B /* Assets.xcassets */; };
		098D598A1FC2E71300E6DA3B /* LaunchScreen.storyboard in Resources */ = {isa = PBXBuildFile; fileRef = 098D59881FC2E71300E6DA3B /* LaunchScreen.storyboard */; };
		098D59951FC2E71400E6DA3B /* algorithm_bst_swiftTests.swift in Sources */ = {isa = PBXBuildFile; fileRef = 098D59941FC2E71400E6DA3B /* algorithm_bst_swiftTests.swift */; };
		098D59A01FC2E71400E6DA3B /* algorithm_bst_swiftUITests.swift in Sources */ = {isa = PBXBuildFile; fileRef = 098D599F1FC2E71400E6DA3B /* algorithm_bst_swiftUITests.swift */; };
		098D59B11FC2E79F00E6DA3B /* BstClass.swift in Sources */ = {isa = PBXBuildFile; fileRef = 098D59B01FC2E79F00E6DA3B /* BstClass.swift */; };
		098D59B51FC3899000E6DA3B /* TreeScene.sks in Resources */ = {isa = PBXBuildFile; fileRef = 098D59B41FC3899000E6DA3B /* TreeScene.sks */; };
/* End PBXBuildFile section */

/* Begin PBXContainerItemProxy section */
		098D59911FC2E71400E6DA3B /* PBXContainerItemProxy */ = {
			isa = PBXContainerItemProxy;
			containerPortal = 098D59711FC2E71300E6DA3B /* Project object */;
			proxyType = 1;
			remoteGlobalIDString = 098D59781FC2E71300E6DA3B;
			remoteInfo = algorithm_bst_swift;
		};
		098D599C1FC2E71400E6DA3B /* PBXContainerItemProxy */ = {
			isa = PBXContainerItemProxy;
			containerPortal = 098D59711FC2E71300E6DA3B /* Project object */;
			proxyType = 1;
			remoteGlobalIDString = 098D59781FC2E71300E6DA3B;
			remoteInfo = algorithm_bst_swift;
		};
/* End PBXContainerItemProxy section */

/* Begin PBXFileReference section */
		098D59791FC2E71300E6DA3B /* algorithm_bst_swift.app */ = {isa = PBXFileReference; explicitFileType = wrapper.application; includeInIndex = 0; path = algorithm_bst_swift.app; sourceTree = BUILT_PRODUCTS_DIR; };
		098D597C1FC2E71300E6DA3B /* AppDelegate.swift */ = {isa = PBXFileReference; lastKnownFileType = sourcecode.swift; path = AppDelegate.swift; sourceTree = "<group>"; };
		098D597E1FC2E71300E6DA3B /* ViewController.swift */ = {isa = PBXFileReference; lastKnownFileType = sourcecode.swift; path = ViewController.swift; sourceTree = "<group>"; };
		098D59811FC2E71300E6DA3B /* Base */ = {isa = PBXFileReference; lastKnownFileType = file.storyboard; name = Base; path = Base.lproj/Main.storyboard; sourceTree = "<group>"; };
		098D59841FC2E71300E6DA3B /* algorithm_bst_swift.xcdatamodel */ = {isa = PBXFileReference; lastKnownFileType = wrapper.xcdatamodel; path = algorithm_bst_swift.xcdatamodel; sourceTree = "<group>"; };
		098D59861FC2E71300E6DA3B /* Assets.xcassets */ = {isa = PBXFileReference; lastKnownFileType = folder.assetcatalog; path = Assets.xcassets; sourceTree = "<group>"; };
		098D59891FC2E71300E6DA3B /* Base */ = {isa = PBXFileReference; lastKnownFileType = file.storyboard; name = Base; path = Base.lproj/LaunchScreen.storyboard; sourceTree = "<group>"; };
		098D598B1FC2E71300E6DA3B /* Info.plist */ = {isa = PBXFileReference; lastKnownFileType = text.plist.xml; path = Info.plist; sourceTree = "<group>"; };
		098D59901FC2E71400E6DA3B /* algorithm_bst_swiftTests.xctest */ = {isa = PBXFileReference; explicitFileType = wrapper.cfbundle; includeInIndex = 0; path = algorithm_bst_swiftTests.xctest; sourceTree = BUILT_PRODUCTS_DIR; };
		098D59941FC2E71400E6DA3B /* algorithm_bst_swiftTests.swift */ = {isa = PBXFileReference; lastKnownFileType = sourcecode.swift; path = algorithm_bst_swiftTests.swift; sourceTree = "<group>"; };
		098D59961FC2E71400E6DA3B /* Info.plist */ = {isa = PBXFileReference; lastKnownFileType = text.plist.xml; path = Info.plist; sourceTree = "<group>"; };
		098D599B1FC2E71400E6DA3B /* algorithm_bst_swiftUITests.xctest */ = {isa = PBXFileReference; explicitFileType = wrapper.cfbundle; includeInIndex = 0; path = algorithm_bst_swiftUITests.xctest; sourceTree = BUILT_PRODUCTS_DIR; };
		098D599F1FC2E71400E6DA3B /* algorithm_bst_swiftUITests.swift */ = {isa = PBXFileReference; lastKnownFileType = sourcecode.swift; path = algorithm_bst_swiftUITests.swift; sourceTree = "<group>"; };
		098D59A11FC2E71400E6DA3B /* Info.plist */ = {isa = PBXFileReference; lastKnownFileType = text.plist.xml; path = Info.plist; sourceTree = "<group>"; };
		098D59B01FC2E79F00E6DA3B /* BstClass.swift */ = {isa = PBXFileReference; lastKnownFileType = sourcecode.swift; path = BstClass.swift; sourceTree = "<group>"; };
		098D59B41FC3899000E6DA3B /* TreeScene.sks */ = {isa = PBXFileReference; lastKnownFileType = file.sks; path = TreeScene.sks; sourceTree = "<group>"; };
/* End PBXFileReference section */

/* Begin PBXFrameworksBuildPhase section */
		098D59761FC2E71300E6DA3B /* Frameworks */ = {
			isa = PBXFrameworksBuildPhase;
			buildActionMask = 2147483647;
			files = (
			);
			runOnlyForDeploymentPostprocessing = 0;
		};
		098D598D1FC2E71400E6DA3B /* Frameworks */ = {
			isa = PBXFrameworksBuildPhase;
			buildActionMask = 2147483647;
			files = (
			);
			runOnlyForDeploymentPostprocessing = 0;
		};
		098D59981FC2E71400E6DA3B /* Frameworks */ = {
			isa = PBXFrameworksBuildPhase;
			buildActionMask = 2147483647;
			files = (
			);
			runOnlyForDeploymentPostprocessing = 0;
		};
/* End PBXFrameworksBuildPhase section */

/* Begin PBXGroup section */
		098D59701FC2E71300E6DA3B = {
			isa = PBXGroup;
			children = (
				098D597B1FC2E71300E6DA3B /* algorithm_bst_swift */,
				098D59931FC2E71400E6DA3B /* algorithm_bst_swiftTests */,
				098D599E1FC2E71400E6DA3B /* algorithm_bst_swiftUITests */,
				098D597A1FC2E71300E6DA3B /* Products */,
			);
			sourceTree = "<group>";
		};
		098D597A1FC2E71300E6DA3B /* Products */ = {
			isa = PBXGroup;
			children = (
				098D59791FC2E71300E6DA3B /* algorithm_bst_swift.app */,
				098D59901FC2E71400E6DA3B /* algorithm_bst_swiftTests.xctest */,
				098D599B1FC2E71400E6DA3B /* algorithm_bst_swiftUITests.xctest */,
			);
			name = Products;
			sourceTree = "<group>";
		};
		098D597B1FC2E71300E6DA3B /* algorithm_bst_swift */ = {
			isa = PBXGroup;
			children = (
				098D59B01FC2E79F00E6DA3B /* BstClass.swift */,
				098D597E1FC2E71300E6DA3B /* ViewController.swift */,
				098D59801FC2E71300E6DA3B /* Main.storyboard */,
				098D59861FC2E71300E6DA3B /* Assets.xcassets */,
				098D59B41FC3899000E6DA3B /* TreeScene.sks */,
				098D597C1FC2E71300E6DA3B /* AppDelegate.swift */,
				098D59881FC2E71300E6DA3B /* LaunchScreen.storyboard */,
				098D598B1FC2E71300E6DA3B /* Info.plist */,
				098D59831FC2E71300E6DA3B /* algorithm_bst_swift.xcdatamodeld */,
			);
			path = algorithm_bst_swift;
			sourceTree = "<group>";
		};
		098D59931FC2E71400E6DA3B /* algorithm_bst_swiftTests */ = {
			isa = PBXGroup;
			children = (
				098D59941FC2E71400E6DA3B /* algorithm_bst_swiftTests.swift */,
				098D59961FC2E71400E6DA3B /* Info.plist */,
			);
			path = algorithm_bst_swiftTests;
			sourceTree = "<group>";
		};
		098D599E1FC2E71400E6DA3B /* algorithm_bst_swiftUITests */ = {
			isa = PBXGroup;
			children = (
				098D599F1FC2E71400E6DA3B /* algorithm_bst_swiftUITests.swift */,
				098D59A11FC2E71400E6DA3B /* Info.plist */,
			);
			path = algorithm_bst_swiftUITests;
			sourceTree = "<group>";
		};
/* End PBXGroup section */

/* Begin PBXNativeTarget section */
		098D59781FC2E71300E6DA3B /* algorithm_bst_swift */ = {
			isa = PBXNativeTarget;
			buildConfigurationList = 098D59A41FC2E71400E6DA3B /* Build configuration list for PBXNativeTarget "algorithm_bst_swift" */;
			buildPhases = (
				098D59751FC2E71300E6DA3B /* Sources */,
				098D59761FC2E71300E6DA3B /* Frameworks */,
				098D59771FC2E71300E6DA3B /* Resources */,
			);
			buildRules = (
			);
			dependencies = (
			);
			name = algorithm_bst_swift;
			productName = algorithm_bst_swift;
			productReference = 098D59791FC2E71300E6DA3B /* algorithm_bst_swift.app */;
			productType = "com.apple.product-type.application";
		};
		098D598F1FC2E71400E6DA3B /* algorithm_bst_swiftTests */ = {
			isa = PBXNativeTarget;
			buildConfigurationList = 098D59A71FC2E71400E6DA3B /* Build configuration list for PBXNativeTarget "algorithm_bst_swiftTests" */;
			buildPhases = (
				098D598C1FC2E71400E6DA3B /* Sources */,
				098D598D1FC2E71400E6DA3B /* Frameworks */,
				098D598E1FC2E71400E6DA3B /* Resources */,
			);
			buildRules = (
			);
			dependencies = (
				098D59921FC2E71400E6DA3B /* PBXTargetDependency */,
			);
			name = algorithm_bst_swiftTests;
			productName = algorithm_bst_swiftTests;
			productReference = 098D59901FC2E71400E6DA3B /* algorithm_bst_swiftTests.xctest */;
			productType = "com.apple.product-type.bundle.unit-test";
		};
		098D599A1FC2E71400E6DA3B /* algorithm_bst_swiftUITests */ = {
			isa = PBXNativeTarget;
			buildConfigurationList = 098D59AA1FC2E71400E6DA3B /* Build configuration list for PBXNativeTarget "algorithm_bst_swiftUITests" */;
			buildPhases = (
				098D59971FC2E71400E6DA3B /* Sources */,
				098D59981FC2E71400E6DA3B /* Frameworks */,
				098D59991FC2E71400E6DA3B /* Resources */,
			);
			buildRules = (
			);
			dependencies = (
				098D599D1FC2E71400E6DA3B /* PBXTargetDependency */,
			);
			name = algorithm_bst_swiftUITests;
			productName = algorithm_bst_swiftUITests;
			productReference = 098D599B1FC2E71400E6DA3B /* algorithm_bst_swiftUITests.xctest */;
			productType = "com.apple.product-type.bundle.ui-testing";
		};
/* End PBXNativeTarget section */

/* Begin PBXProject section */
		098D59711FC2E71300E6DA3B /* Project object */ = {
			isa = PBXProject;
			attributes = {
				LastSwiftUpdateCheck = 0900;
				LastUpgradeCheck = 0900;
				ORGANIZATIONNAME = "Olivier Butler";
				TargetAttributes = {
					098D59781FC2E71300E6DA3B = {
						CreatedOnToolsVersion = 9.0;
						LastSwiftMigration = 0900;
						ProvisioningStyle = Automatic;
					};
					098D598F1FC2E71400E6DA3B = {
						CreatedOnToolsVersion = 9.0;
						ProvisioningStyle = Automatic;
						TestTargetID = 098D59781FC2E71300E6DA3B;
					};
					098D599A1FC2E71400E6DA3B = {
						CreatedOnToolsVersion = 9.0;
						ProvisioningStyle = Automatic;
						TestTargetID = 098D59781FC2E71300E6DA3B;
					};
				};
			};
			buildConfigurationList = 098D59741FC2E71300E6DA3B /* Build configuration list for PBXProject "algorithm_bst_swift" */;
			compatibilityVersion = "Xcode 8.0";
			developmentRegion = en;
			hasScannedForEncodings = 0;
			knownRegions = (
				en,
				Base,
			);
			mainGroup = 098D59701FC2E71300E6DA3B;
			productRefGroup = 098D597A1FC2E71300E6DA3B /* Products */;
			projectDirPath = "";
			projectRoot = "";
			targets = (
				098D59781FC2E71300E6DA3B /* algorithm_bst_swift */,
				098D598F1FC2E71400E6DA3B /* algorithm_bst_swiftTests */,
				098D599A1FC2E71400E6DA3B /* algorithm_bst_swiftUITests */,
			);
		};
/* End PBXProject section */

/* Begin PBXResourcesBuildPhase section */
		098D59771FC2E71300E6DA3B /* Resources */ = {
			isa = PBXResourcesBuildPhase;
			buildActionMask = 2147483647;
			files = (
				098D598A1FC2E71300E6DA3B /* LaunchScreen.storyboard in Resources */,
				098D59871FC2E71300E6DA3B /* Assets.xcassets in Resources */,
				098D59B51FC3899000E6DA3B /* TreeScene.sks in Resources */,
				098D59821FC2E71300E6DA3B /* Main.storyboard in Resources */,
			);
			runOnlyForDeploymentPostprocessing = 0;
		};
		098D598E1FC2E71400E6DA3B /* Resources */ = {
			isa = PBXResourcesBuildPhase;
			buildActionMask = 2147483647;
			files = (
			);
			runOnlyForDeploymentPostprocessing = 0;
		};
		098D59991FC2E71400E6DA3B /* Resources */ = {
			isa = PBXResourcesBuildPhase;
			buildActionMask = 2147483647;
			files = (
			);
			runOnlyForDeploymentPostprocessing = 0;
		};
/* End PBXResourcesBuildPhase section */

/* Begin PBXSourcesBuildPhase section */
		098D59751FC2E71300E6DA3B /* Sources */ = {
			isa = PBXSourcesBuildPhase;
			buildActionMask = 2147483647;
			files = (
				098D59B11FC2E79F00E6DA3B /* BstClass.swift in Sources */,
				098D59851FC2E71300E6DA3B /* algorithm_bst_swift.xcdatamodeld in Sources */,
				098D597F1FC2E71300E6DA3B /* ViewController.swift in Sources */,
				098D597D1FC2E71300E6DA3B /* AppDelegate.swift in Sources */,
			);
			runOnlyForDeploymentPostprocessing = 0;
		};
		098D598C1FC2E71400E6DA3B /* Sources */ = {
			isa = PBXSourcesBuildPhase;
			buildActionMask = 2147483647;
			files = (
				098D59951FC2E71400E6DA3B /* algorithm_bst_swiftTests.swift in Sources */,
			);
			runOnlyForDeploymentPostprocessing = 0;
		};
		098D59971FC2E71400E6DA3B /* Sources */ = {
			isa = PBXSourcesBuildPhase;
			buildActionMask = 2147483647;
			files = (
				098D59A01FC2E71400E6DA3B /* algorithm_bst_swiftUITests.swift in Sources */,
			);
			runOnlyForDeploymentPostprocessing = 0;
		};
/* End PBXSourcesBuildPhase section */

/* Begin PBXTargetDependency section */
		098D59921FC2E71400E6DA3B /* PBXTargetDependency */ = {
			isa = PBXTargetDependency;
			target = 098D59781FC2E71300E6DA3B /* algorithm_bst_swift */;
			targetProxy = 098D59911FC2E71400E6DA3B /* PBXContainerItemProxy */;
		};
		098D599D1FC2E71400E6DA3B /* PBXTargetDependency */ = {
			isa = PBXTargetDependency;
			target = 098D59781FC2E71300E6DA3B /* algorithm_bst_swift */;
			targetProxy = 098D599C1FC2E71400E6DA3B /* PBXContainerItemProxy */;
		};
/* End PBXTargetDependency section */

/* Begin PBXVariantGroup section */
		098D59801FC2E71300E6DA3B /* Main.storyboard */ = {
			isa = PBXVariantGroup;
			children = (
				098D59811FC2E71300E6DA3B /* Base */,
			);
			name = Main.storyboard;
			sourceTree = "<group>";
		};
		098D59881FC2E71300E6DA3B /* LaunchScreen.storyboard */ = {
			isa = PBXVariantGroup;
			children = (
				098D59891FC2E71300E6DA3B /* Base */,
			);
			name = LaunchScreen.storyboard;
			sourceTree = "<group>";
		};
/* End PBXVariantGroup section */

/* Begin XCBuildConfiguration section */
		098D59A21FC2E71400E6DA3B /* Debug */ = {
			isa = XCBuildConfiguration;
			buildSettings = {
				ALWAYS_SEARCH_USER_PATHS = NO;
				CLANG_ANALYZER_NONNULL = YES;
				CLANG_ANALYZER_NUMBER_OBJECT_CONVERSION = YES_AGGRESSIVE;
				CLANG_CXX_LANGUAGE_STANDARD = "gnu++14";
				CLANG_CXX_LIBRARY = "libc++";
				CLANG_ENABLE_MODULES = YES;
				CLANG_ENABLE_OBJC_ARC = YES;
				CLANG_WARN_BLOCK_CAPTURE_AUTORELEASING = YES;
				CLANG_WARN_BOOL_CONVERSION = YES;
				CLANG_WARN_COMMA = YES;
				CLANG_WARN_CONSTANT_CONVERSION = YES;
				CLANG_WARN_DIRECT_OBJC_ISA_USAGE = YES_ERROR;
				CLANG_WARN_DOCUMENTATION_COMMENTS = YES;
				CLANG_WARN_EMPTY_BODY = YES;
				CLANG_WARN_ENUM_CONVERSION = YES;
				CLANG_WARN_INFINITE_RECURSION = YES;
				CLANG_WARN_INT_CONVERSION = YES;
				CLANG_WARN_NON_LITERAL_NULL_CONVERSION = YES;
				CLANG_WARN_OBJC_LITERAL_CONVERSION = YES;
				CLANG_WARN_OBJC_ROOT_CLASS = YES_ERROR;
				CLANG_WARN_RANGE_LOOP_ANALYSIS = YES;
				CLANG_WARN_STRICT_PROTOTYPES = YES;
				CLANG_WARN_SUSPICIOUS_MOVE = YES;
				CLANG_WARN_UNGUARDED_AVAILABILITY = YES_AGGRESSIVE;
				CLANG_WARN_UNREACHABLE_CODE = YES;
				CLANG_WARN__DUPLICATE_METHOD_MATCH = YES;
				CODE_SIGN_IDENTITY = "iPhone Developer";
				COPY_PHASE_STRIP = NO;
				DEBUG_INFORMATION_FORMAT = dwarf;
				ENABLE_STRICT_OBJC_MSGSEND = YES;
				ENABLE_TESTABILITY = YES;
				GCC_C_LANGUAGE_STANDARD = gnu11;
				GCC_DYNAMIC_NO_PIC = NO;
				GCC_NO_COMMON_BLOCKS = YES;
				GCC_OPTIMIZATION_LEVEL = 0;
				GCC_PREPROCESSOR_DEFINITIONS = (
					"DEBUG=1",
					"$(inherited)",
				);
				GCC_WARN_64_TO_32_BIT_CONVERSION = YES;
				GCC_WARN_ABOUT_RETURN_TYPE = YES_ERROR;
				GCC_WARN_UNDECLARED_SELECTOR = YES;
				GCC_WARN_UNINITIALIZED_AUTOS = YES_AGGRESSIVE;
				GCC_WARN_UNUSED_FUNCTION = YES;
				GCC_WARN_UNUSED_VARIABLE = YES;
				IPHONEOS_DEPLOYMENT_TARGET = 11.0;
				MTL_ENABLE_DEBUG_INFO = YES;
				ONLY_ACTIVE_ARCH = YES;
				SDKROOT = iphoneos;
				SWIFT_ACTIVE_COMPILATION_CONDITIONS = DEBUG;
				SWIFT_OPTIMIZATION_LEVEL = "-Onone";
			};
			name = Debug;
		};
		098D59A31FC2E71400E6DA3B /* Release */ = {
			isa = XCBuildConfiguration;
			buildSettings = {
				ALWAYS_SEARCH_USER_PATHS = NO;
				CLANG_ANALYZER_NONNULL = YES;
				CLANG_ANALYZER_NUMBER_OBJECT_CONVERSION = YES_AGGRESSIVE;
				CLANG_CXX_LANGUAGE_STANDARD = "gnu++14";
				CLANG_CXX_LIBRARY = "libc++";
				CLANG_ENABLE_MODULES = YES;
				CLANG_ENABLE_OBJC_ARC = YES;
				CLANG_WARN_BLOCK_CAPTURE_AUTORELEASING = YES;
				CLANG_WARN_BOOL_CONVERSION = YES;
				CLANG_WARN_COMMA = YES;
				CLANG_WARN_CONSTANT_CONVERSION = YES;
				CLANG_WARN_DIRECT_OBJC_ISA_USAGE = YES_ERROR;
				CLANG_WARN_DOCUMENTATION_COMMENTS = YES;
				CLANG_WARN_EMPTY_BODY = YES;
				CLANG_WARN_ENUM_CONVERSION = YES;
				CLANG_WARN_INFINITE_RECURSION = YES;
				CLANG_WARN_INT_CONVERSION = YES;
				CLANG_WARN_NON_LITERAL_NULL_CONVERSION = YES;
				CLANG_WARN_OBJC_LITERAL_CONVERSION = YES;
				CLANG_WARN_OBJC_ROOT_CLASS = YES_ERROR;
				CLANG_WARN_RANGE_LOOP_ANALYSIS = YES;
				CLANG_WARN_STRICT_PROTOTYPES = YES;
				CLANG_WARN_SUSPICIOUS_MOVE = YES;
				CLANG_WARN_UNGUARDED_AVAILABILITY = YES_AGGRESSIVE;
				CLANG_WARN_UNREACHABLE_CODE = YES;
				CLANG_WARN__DUPLICATE_METHOD_MATCH = YES;
				CODE_SIGN_IDENTITY = "iPhone Developer";
				COPY_PHASE_STRIP = NO;
				DEBUG_INFORMATION_FORMAT = "dwarf-with-dsym";
				ENABLE_NS_ASSERTIONS = NO;
				ENABLE_STRICT_OBJC_MSGSEND = YES;
				GCC_C_LANGUAGE_STANDARD = gnu11;
				GCC_NO_COMMON_BLOCKS = YES;
				GCC_WARN_64_TO_32_BIT_CONVERSION = YES;
				GCC_WARN_ABOUT_RETURN_TYPE = YES_ERROR;
				GCC_WARN_UNDECLARED_SELECTOR = YES;
				GCC_WARN_UNINITIALIZED_AUTOS = YES_AGGRESSIVE;
				GCC_WARN_UNUSED_FUNCTION = YES;
				GCC_WARN_UNUSED_VARIABLE = YES;
				IPHONEOS_DEPLOYMENT_TARGET = 11.0;
				MTL_ENABLE_DEBUG_INFO = NO;
				SDKROOT = iphoneos;
				SWIFT_OPTIMIZATION_LEVEL = "-Owholemodule";
				VALIDATE_PRODUCT = YES;
			};
			name = Release;
		};
		098D59A51FC2E71400E6DA3B /* Debug */ = {
			isa = XCBuildConfiguration;
			buildSettings = {
				ASSETCATALOG_COMPILER_APPICON_NAME = AppIcon;
				CLANG_ENABLE_MODULES = YES;
				CODE_SIGN_STYLE = Automatic;
				DEVELOPMENT_TEAM = CNHB9B5GX6;
				INFOPLIST_FILE = algorithm_bst_swift/Info.plist;
				LD_RUNPATH_SEARCH_PATHS = "$(inherited) @executable_path/Frameworks";
				PRODUCT_BUNDLE_IDENTIFIER = "oliviertests.algorithm-bst-swift";
				PRODUCT_NAME = "$(TARGET_NAME)";
				SWIFT_OPTIMIZATION_LEVEL = "-Onone";
				SWIFT_VERSION = 4.0;
				TARGETED_DEVICE_FAMILY = "1,2";
			};
			name = Debug;
		};
		098D59A61FC2E71400E6DA3B /* Release */ = {
			isa = XCBuildConfiguration;
			buildSettings = {
				ASSETCATALOG_COMPILER_APPICON_NAME = AppIcon;
				CLANG_ENABLE_MODULES = YES;
				CODE_SIGN_STYLE = Automatic;
				DEVELOPMENT_TEAM = CNHB9B5GX6;
				INFOPLIST_FILE = algorithm_bst_swift/Info.plist;
				LD_RUNPATH_SEARCH_PATHS = "$(inherited) @executable_path/Frameworks";
				PRODUCT_BUNDLE_IDENTIFIER = "oliviertests.algorithm-bst-swift";
				PRODUCT_NAME = "$(TARGET_NAME)";
				SWIFT_VERSION = 4.0;
				TARGETED_DEVICE_FAMILY = "1,2";
			};
			name = Release;
		};
		098D59A81FC2E71400E6DA3B /* Debug */ = {
			isa = XCBuildConfiguration;
			buildSettings = {
				ALWAYS_EMBED_SWIFT_STANDARD_LIBRARIES = YES;
				BUNDLE_LOADER = "$(TEST_HOST)";
				CODE_SIGN_STYLE = Automatic;
				DEVELOPMENT_TEAM = CNHB9B5GX6;
				INFOPLIST_FILE = algorithm_bst_swiftTests/Info.plist;
				LD_RUNPATH_SEARCH_PATHS = "$(inherited) @executable_path/Frameworks @loader_path/Frameworks";
				PRODUCT_BUNDLE_IDENTIFIER = "oliviertests.algorithm-bst-swiftTests";
				PRODUCT_NAME = "$(TARGET_NAME)";
				SWIFT_VERSION = 4.0;
				TARGETED_DEVICE_FAMILY = "1,2";
				TEST_HOST = "$(BUILT_PRODUCTS_DIR)/algorithm_bst_swift.app/algorithm_bst_swift";
			};
			name = Debug;
		};
		098D59A91FC2E71400E6DA3B /* Release */ = {
			isa = XCBuildConfiguration;
			buildSettings = {
				ALWAYS_EMBED_SWIFT_STANDARD_LIBRARIES = YES;
				BUNDLE_LOADER = "$(TEST_HOST)";
				CODE_SIGN_STYLE = Automatic;
				DEVELOPMENT_TEAM = CNHB9B5GX6;
				INFOPLIST_FILE = algorithm_bst_swiftTests/Info.plist;
				LD_RUNPATH_SEARCH_PATHS = "$(inherited) @executable_path/Frameworks @loader_path/Frameworks";
				PRODUCT_BUNDLE_IDENTIFIER = "oliviertests.algorithm-bst-swiftTests";
				PRODUCT_NAME = "$(TARGET_NAME)";
				SWIFT_VERSION = 4.0;
				TARGETED_DEVICE_FAMILY = "1,2";
				TEST_HOST = "$(BUILT_PRODUCTS_DIR)/algorithm_bst_swift.app/algorithm_bst_swift";
			};
			name = Release;
		};
		098D59AB1FC2E71400E6DA3B /* Debug */ = {
			isa = XCBuildConfiguration;
			buildSettings = {
				ALWAYS_EMBED_SWIFT_STANDARD_LIBRARIES = YES;
				CODE_SIGN_STYLE = Automatic;
				DEVELOPMENT_TEAM = CNHB9B5GX6;
				INFOPLIST_FILE = algorithm_bst_swiftUITests/Info.plist;
				LD_RUNPATH_SEARCH_PATHS = "$(inherited) @executable_path/Frameworks @loader_path/Frameworks";
				PRODUCT_BUNDLE_IDENTIFIER = "oliviertests.algorithm-bst-swiftUITests";
				PRODUCT_NAME = "$(TARGET_NAME)";
				SWIFT_VERSION = 4.0;
				TARGETED_DEVICE_FAMILY = "1,2";
				TEST_TARGET_NAME = algorithm_bst_swift;
			};
			name = Debug;
		};
		098D59AC1FC2E71400E6DA3B /* Release */ = {
			isa = XCBuildConfiguration;
			buildSettings = {
				ALWAYS_EMBED_SWIFT_STANDARD_LIBRARIES = YES;
				CODE_SIGN_STYLE = Automatic;
				DEVELOPMENT_TEAM = CNHB9B5GX6;
				INFOPLIST_FILE = algorithm_bst_swiftUITests/Info.plist;
				LD_RUNPATH_SEARCH_PATHS = "$(inherited) @executable_path/Frameworks @loader_path/Frameworks";
				PRODUCT_BUNDLE_IDENTIFIER = "oliviertests.algorithm-bst-swiftUITests";
				PRODUCT_NAME = "$(TARGET_NAME)";
				SWIFT_VERSION = 4.0;
				TARGETED_DEVICE_FAMILY = "1,2";
				TEST_TARGET_NAME = algorithm_bst_swift;
			};
			name = Release;
		};
/* End XCBuildConfiguration section */

/* Begin XCConfigurationList section */
		098D59741FC2E71300E6DA3B /* Build configuration list for PBXProject "algorithm_bst_swift" */ = {
			isa = XCConfigurationList;
			buildConfigurations = (
				098D59A21FC2E71400E6DA3B /* Debug */,
				098D59A31FC2E71400E6DA3B /* Release */,
			);
			defaultConfigurationIsVisible = 0;
			defaultConfigurationName = Release;
		};
		098D59A41FC2E71400E6DA3B /* Build configuration list for PBXNativeTarget "algorithm_bst_swift" */ = {
			isa = XCConfigurationList;
			buildConfigurations = (
				098D59A51FC2E71400E6DA3B /* Debug */,
				098D59A61FC2E71400E6DA3B /* Release */,
			);
			defaultConfigurationIsVisible = 0;
			defaultConfigurationName = Release;
		};
		098D59A71FC2E71400E6DA3B /* Build configuration list for PBXNativeTarget "algorithm_bst_swiftTests" */ = {
			isa = XCConfigurationList;
			buildConfigurations = (
				098D59A81FC2E71400E6DA3B /* Debug */,
				098D59A91FC2E71400E6DA3B /* Release */,
			);
			defaultConfigurationIsVisible = 0;
			defaultConfigurationName = Release;
		};
		098D59AA1FC2E71400E6DA3B /* Build configuration list for PBXNativeTarget "algorithm_bst_swiftUITests" */ = {
			isa = XCConfigurationList;
			buildConfigurations = (
				098D59AB1FC2E71400E6DA3B /* Debug */,
				098D59AC1FC2E71400E6DA3B /* Release */,
			);
			defaultConfigurationIsVisible = 0;
			defaultConfigurationName = Release;
		};
/* End XCConfigurationList section */

/* Begin XCVersionGroup section */
		098D59831FC2E71300E6DA3B /* algorithm_bst_swift.xcdatamodeld */ = {
			isa = XCVersionGroup;
			children = (
				098D59841FC2E71300E6DA3B /* algorithm_bst_swift.xcdatamodel */,
			);
			currentVersion = 098D59841FC2E71300E6DA3B /* algorithm_bst_swift.xcdatamodel */;
			path = algorithm_bst_swift.xcdatamodeld;
			sourceTree = "<group>";
			versionGroupType = wrapper.xcdatamodel;
		};
/* End XCVersionGroup section */
	};
	rootObject = 098D59711FC2E71300E6DA3B /* Project object */;
}
